# THIS IS AN AUTOGENERATED FILE. DO NOT EDIT THIS FILE DIRECTLY.
# yarn lockfile v1


"@emotion/is-prop-valid@^0.8.2":
  version "0.8.3"
  resolved "https://registry.yarnpkg.com/@emotion/is-prop-valid/-/is-prop-valid-0.8.3.tgz#cbe62ddbea08aa022cdf72da3971570a33190d29"
  integrity sha512-We7VBiltAJ70KQA0dWkdPMXnYoizlxOXpvtjmu5/MBnExd+u0PGgV27WCYanmLAbCwAU30Le/xA0CQs/F/Otig==
  dependencies:
    "@emotion/memoize" "0.7.3"

"@emotion/memoize@0.7.3":
  version "0.7.3"
  resolved "https://registry.yarnpkg.com/@emotion/memoize/-/memoize-0.7.3.tgz#5b6b1c11d6a6dddf1f2fc996f74cf3b219644d78"
  integrity sha512-2Md9mH6mvo+ygq1trTeVp2uzAKwE2P7In0cRpD/M9Q70aH8L+rxMLbb3JCN2JoSWsV2O+DdFjfbbXoMoLBczow==

styled-icons@^8.4.2:
  version "8.4.2"
  resolved "https://registry.yarnpkg.com/styled-icons/-/styled-icons-8.4.2.tgz#508c5072e513b84afe03b9af21541bd591af3f72"
  integrity sha512-S4l7zG8/siBxw0sU4x9rgjUqcMzlU0kYQe6P58BxiDvIVXnTSlYsvmSRC5eMU1BIHW0s/aoRn+50jQUEKuRohQ==
  dependencies:
    "@emotion/is-prop-valid" "^0.8.2"
    tslib "^1.9.3"

tslib@^1.9.3:
  version "1.10.0"
  resolved "https://registry.yarnpkg.com/tslib/-/tslib-1.10.0.tgz#c3c19f95973fb0a62973fb09d90d961ee43e5c8a"
  integrity sha512-qOebF53frne81cf0S9B41ByenJ3/IuH8yJKngAX35CmiZySA0khhkovshKK+jGCaMnVomla7gVlIcc3EvKPbTQ==
